
Microsoft Visual Studio Solution File, Format Version 12.00
# Visual Studio Version 16
VisualStudioVersion = 16.0.30621.155
MinimumVisualStudioVersion = 10.0.40219.1
Project("{9A19103F-16F7-4668-BE54-9A1E7A4F7556}") = "GarminCore.Skia", "GarminCore.Skia.csproj", "{587EE01C-6EDF-4DB4-99C1-9C44637778D8}"
EndProject
Global
	GlobalSection(SolutionConfigurationPlatforms) = preSolution
		Debug|Any CPU = Debug|Any CPU
		Release|Any CPU = Release|Any CPU
	EndGlobalSection
	GlobalSection(ProjectConfigurationPlatforms) = postSolution
		{587EE01C-6EDF-4DB4-99C1-9C44637778D8}.Debug|Any CPU.ActiveCfg = Debug|Any CPU
		{587EE01C-6EDF-4DB4-99C1-9C44637778D8}.Debug|Any CPU.Build.0 = Debug|Any CPU
		{587EE01C-6EDF-4DB4-99C1-9C44637778D8}.Release|Any CPU.ActiveCfg = Release|Any CPU
		{587EE01C-6EDF-4DB4-99C1-9C44637778D8}.Release|Any CPU.Build.0 = Release|Any CPU
	EndGlobalSection
	GlobalSection(SolutionProperties) = preSolution
		HideSolutionNode = FALSE
	EndGlobalSection
	GlobalSection(ExtensibilityGlobals) = postSolution
		SolutionGuid = {260F4FB5-9E81-43FF-82E1-281A5D41786C}
	EndGlobalSection
EndGlobal
