
Microsoft Visual Studio Solution File, Format Version 12.00
# Visual Studio Version 16
VisualStudioVersion = 16.0.30709.132
MinimumVisualStudioVersion = 10.0.40219.1
Project("{FAE04EC0-301F-11D3-BF4B-00C04F79EFBC}") = "GarminImageCreator", "GarminImageCreator.csproj", "{29C115FC-77E6-44C1-A46E-5EB4D0385428}"
EndProject
Project("{9A19103F-16F7-4668-BE54-9A1E7A4F7556}") = "Sqlite4Garmin", "..\Sqlite4Garmin\Sqlite4Garmin.csproj", "{A2A72B07-8C11-4A41-BBD3-053705A6A1DD}"
EndProject
Project("{FAE04EC0-301F-11D3-BF4B-00C04F79EFBC}") = "GarminCore", "..\GarminCore\GarminCore.csproj", "{38020956-623A-49C4-A9CA-12240D191ADD}"
EndProject
Global
	GlobalSection(SolutionConfigurationPlatforms) = preSolution
		Debug|Any CPU = Debug|Any CPU
		Release|Any CPU = Release|Any CPU
	EndGlobalSection
	GlobalSection(ProjectConfigurationPlatforms) = postSolution
		{29C115FC-77E6-44C1-A46E-5EB4D0385428}.Debug|Any CPU.ActiveCfg = Debug|Any CPU
		{29C115FC-77E6-44C1-A46E-5EB4D0385428}.Debug|Any CPU.Build.0 = Debug|Any CPU
		{29C115FC-77E6-44C1-A46E-5EB4D0385428}.Release|Any CPU.ActiveCfg = Release|Any CPU
		{29C115FC-77E6-44C1-A46E-5EB4D0385428}.Release|Any CPU.Build.0 = Release|Any CPU
		{A2A72B07-8C11-4A41-BBD3-053705A6A1DD}.Debug|Any CPU.ActiveCfg = Debug|Any CPU
		{A2A72B07-8C11-4A41-BBD3-053705A6A1DD}.Debug|Any CPU.Build.0 = Debug|Any CPU
		{A2A72B07-8C11-4A41-BBD3-053705A6A1DD}.Release|Any CPU.ActiveCfg = Release|Any CPU
		{A2A72B07-8C11-4A41-BBD3-053705A6A1DD}.Release|Any CPU.Build.0 = Release|Any CPU
		{38020956-623A-49C4-A9CA-12240D191ADD}.Debug|Any CPU.ActiveCfg = Debug|Any CPU
		{38020956-623A-49C4-A9CA-12240D191ADD}.Debug|Any CPU.Build.0 = Debug|Any CPU
		{38020956-623A-49C4-A9CA-12240D191ADD}.Release|Any CPU.ActiveCfg = Release|Any CPU
		{38020956-623A-49C4-A9CA-12240D191ADD}.Release|Any CPU.Build.0 = Release|Any CPU
	EndGlobalSection
	GlobalSection(SolutionProperties) = preSolution
		HideSolutionNode = FALSE
	EndGlobalSection
	GlobalSection(ExtensibilityGlobals) = postSolution
		SolutionGuid = {45EC943C-F423-4B45-AAC2-DBAA458FF6DA}
	EndGlobalSection
EndGlobal
